// !$*UTF8*$!
{
	archiveVersion = 1;
	classes = {
	};
	objectVersion = 46;
	objects = {

/* Begin PBXBuildFile section */
		81EA8D941B18193E00342EB3 /* AppDelegate.swift in Sources */ = {isa = PBXBuildFile; fileRef = 81EA8D931B18193E00342EB3 /* AppDelegate.swift */; };
		81EA8D991B18193E00342EB3 /* Main.storyboard in Resources */ = {isa = PBXBuildFile; fileRef = 81EA8D971B18193E00342EB3 /* Main.storyboard */; };
		81EA8D9B1B18193E00342EB3 /* Images.xcassets in Resources */ = {isa = PBXBuildFile; fileRef = 81EA8D9A1B18193E00342EB3 /* Images.xcassets */; };
		81EA8D9E1B18193E00342EB3 /* LaunchScreen.xib in Resources */ = {isa = PBXBuildFile; fileRef = 81EA8D9C1B18193E00342EB3 /* LaunchScreen.xib */; };
		81EA8DAA1B18193E00342EB3 /* HappinessTests.swift in Sources */ = {isa = PBXBuildFile; fileRef = 81EA8DA91B18193E00342EB3 /* HappinessTests.swift */; };
		81EA8DB41B1819C800342EB3 /* HappinessViewController.swift in Sources */ = {isa = PBXBuildFile; fileRef = 81EA8DB31B1819C800342EB3 /* HappinessViewController.swift */; };
		81EA8DB61B181AB100342EB3 /* FaceView.swift in Sources */ = {isa = PBXBuildFile; fileRef = 81EA8DB51B181AB100342EB3 /* FaceView.swift */; };
/* End PBXBuildFile section */

/* Begin PBXContainerItemProxy section */
		81EA8DA41B18193E00342EB3 /* PBXContainerItemProxy */ = {
			isa = PBXContainerItemProxy;
			containerPortal = 81EA8D861B18193E00342EB3 /* Project object */;
			proxyType = 1;
			remoteGlobalIDString = 81EA8D8D1B18193E00342EB3;
			remoteInfo = Happiness;
		};
/* End PBXContainerItemProxy section */

/* Begin PBXFileReference section */
		81EA8D8E1B18193E00342EB3 /* Happiness.app */ = {isa = PBXFileReference; explicitFileType = wrapper.application; includeInIndex = 0; path = Happiness.app; sourceTree = BUILT_PRODUCTS_DIR; };
		81EA8D921B18193E00342EB3 /* Info.plist */ = {isa = PBXFileReference; lastKnownFileType = text.plist.xml; path = Info.plist; sourceTree = "<group>"; };
		81EA8D931B18193E00342EB3 /* AppDelegate.swift */ = {isa = PBXFileReference; lastKnownFileType = sourcecode.swift; path = AppDelegate.swift; sourceTree = "<group>"; };
		81EA8D981B18193E00342EB3 /* Base */ = {isa = PBXFileReference; lastKnownFileType = file.storyboard; name = Base; path = Base.lproj/Main.storyboard; sourceTree = "<group>"; };
		81EA8D9A1B18193E00342EB3 /* Images.xcassets */ = {isa = PBXFileReference; lastKnownFileType = folder.assetcatalog; path = Images.xcassets; sourceTree = "<group>"; };
		81EA8D9D1B18193E00342EB3 /* Base */ = {isa = PBXFileReference; lastKnownFileType = file.xib; name = Base; path = Base.lproj/LaunchScreen.xib; sourceTree = "<group>"; };
		81EA8DA31B18193E00342EB3 /* HappinessTests.xctest */ = {isa = PBXFileReference; explicitFileType = wrapper.cfbundle; includeInIndex = 0; path = HappinessTests.xctest; sourceTree = BUILT_PRODUCTS_DIR; };
		81EA8DA81B18193E00342EB3 /* Info.plist */ = {isa = PBXFileReference; lastKnownFileType = text.plist.xml; path = Info.plist; sourceTree = "<group>"; };
		81EA8DA91B18193E00342EB3 /* HappinessTests.swift */ = {isa = PBXFileReference; lastKnownFileType = sourcecode.swift; path = HappinessTests.swift; sourceTree = "<group>"; };
		81EA8DB31B1819C800342EB3 /* HappinessViewController.swift */ = {isa = PBXFileReference; fileEncoding = 4; lastKnownFileType = sourcecode.swift; path = HappinessViewController.swift; sourceTree = "<group>"; };
		81EA8DB51B181AB100342EB3 /* FaceView.swift */ = {isa = PBXFileReference; fileEncoding = 4; lastKnownFileType = sourcecode.swift; path = FaceView.swift; sourceTree = "<group>"; };
/* End PBXFileReference section */

/* Begin PBXFrameworksBuildPhase section */
		81EA8D8B1B18193E00342EB3 /* Frameworks */ = {
			isa = PBXFrameworksBuildPhase;
			buildActionMask = 2147483647;
			files = (
			);
			runOnlyForDeploymentPostprocessing = 0;
		};
		81EA8DA01B18193E00342EB3 /* Frameworks */ = {
			isa = PBXFrameworksBuildPhase;
			buildActionMask = 2147483647;
			files = (
			);
			runOnlyForDeploymentPostprocessing = 0;
		};
/* End PBXFrameworksBuildPhase section */

/* Begin PBXGroup section */
		81EA8D851B18193E00342EB3 = {
			isa = PBXGroup;
			children = (
				81EA8D901B18193E00342EB3 /* Happiness */,
				81EA8DA61B18193E00342EB3 /* HappinessTests */,
				81EA8D8F1B18193E00342EB3 /* Products */,
			);
			sourceTree = "<group>";
		};
		81EA8D8F1B18193E00342EB3 /* Products */ = {
			isa = PBXGroup;
			children = (
				81EA8D8E1B18193E00342EB3 /* Happiness.app */,
				81EA8DA31B18193E00342EB3 /* HappinessTests.xctest */,
			);
			name = Products;
			sourceTree = "<group>";
		};
		81EA8D901B18193E00342EB3 /* Happiness */ = {
			isa = PBXGroup;
			children = (
				81EA8D971B18193E00342EB3 /* Main.storyboard */,
				81EA8DB51B181AB100342EB3 /* FaceView.swift */,
				81EA8DB31B1819C800342EB3 /* HappinessViewController.swift */,
				81EA8D911B18193E00342EB3 /* Supporting Files */,
			);
			path = Happiness;
			sourceTree = "<group>";
		};
		81EA8D911B18193E00342EB3 /* Supporting Files */ = {
			isa = PBXGroup;
			children = (
				81EA8D9C1B18193E00342EB3 /* LaunchScreen.xib */,
				81EA8D9A1B18193E00342EB3 /* Images.xcassets */,
				81EA8D931B18193E00342EB3 /* AppDelegate.swift */,
				81EA8D921B18193E00342EB3 /* Info.plist */,
			);
			name = "Supporting Files";
			sourceTree = "<group>";
		};
		81EA8DA61B18193E00342EB3 /* HappinessTests */ = {
			isa = PBXGroup;
			children = (
				81EA8DA91B18193E00342EB3 /* HappinessTests.swift */,
				81EA8DA71B18193E00342EB3 /* Supporting Files */,
			);
			path = HappinessTests;
			sourceTree = "<group>";
		};
		81EA8DA71B18193E00342EB3 /* Supporting Files */ = {
			isa = PBXGroup;
			children = (
				81EA8DA81B18193E00342EB3 /* Info.plist */,
			);
			name = "Supporting Files";
			sourceTree = "<group>";
		};
/* End PBXGroup section */

/* Begin PBXNativeTarget section */
		81EA8D8D1B18193E00342EB3 /* Happiness */ = {
			isa = PBXNativeTarget;
			buildConfigurationList = 81EA8DAD1B18193E00342EB3 /* Build configuration list for PBXNativeTarget "Happiness" */;
			buildPhases = (
				81EA8D8A1B18193E00342EB3 /* Sources */,
				81EA8D8B1B18193E00342EB3 /* Frameworks */,
				81EA8D8C1B18193E00342EB3 /* Resources */,
			);
			buildRules = (
			);
			dependencies = (
			);
			name = Happiness;
			productName = Happiness;
			productReference = 81EA8D8E1B18193E00342EB3 /* Happiness.app */;
			productType = "com.apple.product-type.application";
		};
		81EA8DA21B18193E00342EB3 /* HappinessTests */ = {
			isa = PBXNativeTarget;
			buildConfigurationList = 81EA8DB01B18193E00342EB3 /* Build configuration list for PBXNativeTarget "HappinessTests" */;
			buildPhases = (
				81EA8D9F1B18193E00342EB3 /* Sources */,
				81EA8DA01B18193E00342EB3 /* Frameworks */,
				81EA8DA11B18193E00342EB3 /* Resources */,
			);
			buildRules = (
			);
			dependencies = (
				81EA8DA51B18193E00342EB3 /* PBXTargetDependency */,
			);
			name = HappinessTests;
			productName = HappinessTests;
			productReference = 81EA8DA31B18193E00342EB3 /* HappinessTests.xctest */;
			productType = "com.apple.product-type.bundle.unit-test";
		};
/* End PBXNativeTarget section */

/* Begin PBXProject section */
		81EA8D861B18193E00342EB3 /* Project object */ = {
			isa = PBXProject;
			attributes = {
				LastUpgradeCheck = 0630;
				ORGANIZATIONNAME = "Zhiheng Yi";
				TargetAttributes = {
					81EA8D8D1B18193E00342EB3 = {
						CreatedOnToolsVersion = 6.3.1;
					};
					81EA8DA21B18193E00342EB3 = {
						CreatedOnToolsVersion = 6.3.1;
						TestTargetID = 81EA8D8D1B18193E00342EB3;
					};
				};
			};
			buildConfigurationList = 81EA8D891B18193E00342EB3 /* Build configuration list for PBXProject "Happiness" */;
			compatibilityVersion = "Xcode 3.2";
			developmentRegion = English;
			hasScannedForEncodings = 0;
			knownRegions = (
				en,
				Base,
			);
			mainGroup = 81EA8D851B18193E00342EB3;
			productRefGroup = 81EA8D8F1B18193E00342EB3 /* Products */;
			projectDirPath = "";
			projectRoot = "";
			targets = (
				81EA8D8D1B18193E00342EB3 /* Happiness */,
				81EA8DA21B18193E00342EB3 /* HappinessTests */,
			);
		};
/* End PBXProject section */

/* Begin PBXResourcesBuildPhase section */
		81EA8D8C1B18193E00342EB3 /* Resources */ = {
			isa = PBXResourcesBuildPhase;
			buildActionMask = 2147483647;
			files = (
				81EA8D991B18193E00342EB3 /* Main.storyboard in Resources */,
				81EA8D9E1B18193E00342EB3 /* LaunchScreen.xib in Resources */,
				81EA8D9B1B18193E00342EB3 /* Images.xcassets in Resources */,
			);
			runOnlyForDeploymentPostprocessing = 0;
		};
		81EA8DA11B18193E00342EB3 /* Resources */ = {
			isa = PBXResourcesBuildPhase;
			buildActionMask = 2147483647;
			files = (
			);
			runOnlyForDeploymentPostprocessing = 0;
		};
/* End PBXResourcesBuildPhase section */

/* Begin PBXSourcesBuildPhase section */
		81EA8D8A1B18193E00342EB3 /* Sources */ = {
			isa = PBXSourcesBuildPhase;
			buildActionMask = 2147483647;
			files = (
				81EA8DB41B1819C800342EB3 /* HappinessViewController.swift in Sources */,
				81EA8D941B18193E00342EB3 /* AppDelegate.swift in Sources */,
				81EA8DB61B181AB100342EB3 /* FaceView.swift in Sources */,
			);
			runOnlyForDeploymentPostprocessing = 0;
		};
		81EA8D9F1B18193E00342EB3 /* Sources */ = {
			isa = PBXSourcesBuildPhase;
			buildActionMask = 2147483647;
			files = (
				81EA8DAA1B18193E00342EB3 /* HappinessTests.swift in Sources */,
			);
			runOnlyForDeploymentPostprocessing = 0;
		};
/* End PBXSourcesBuildPhase section */

/* Begin PBXTargetDependency section */
		81EA8DA51B18193E00342EB3 /* PBXTargetDependency */ = {
			isa = PBXTargetDependency;
			target = 81EA8D8D1B18193E00342EB3 /* Happiness */;
			targetProxy = 81EA8DA41B18193E00342EB3 /* PBXContainerItemProxy */;
		};
/* End PBXTargetDependency section */

/* Begin PBXVariantGroup section */
		81EA8D971B18193E00342EB3 /* Main.storyboard */ = {
			isa = PBXVariantGroup;
			children = (
				81EA8D981B18193E00342EB3 /* Base */,
			);
			name = Main.storyboard;
			sourceTree = "<group>";
		};
		81EA8D9C1B18193E00342EB3 /* LaunchScreen.xib */ = {
			isa = PBXVariantGroup;
			children = (
				81EA8D9D1B18193E00342EB3 /* Base */,
			);
			name = LaunchScreen.xib;
			sourceTree = "<group>";
		};
/* End PBXVariantGroup section */

/* Begin XCBuildConfiguration section */
		81EA8DAB1B18193E00342EB3 /* Debug */ = {
			isa = XCBuildConfiguration;
			buildSettings = {
				ALWAYS_SEARCH_USER_PATHS = NO;
				CLANG_CXX_LANGUAGE_STANDARD = "gnu++0x";
				CLANG_CXX_LIBRARY = "libc++";
				CLANG_ENABLE_MODULES = YES;
				CLANG_ENABLE_OBJC_ARC = YES;
				CLANG_WARN_BOOL_CONVERSION = YES;
				CLANG_WARN_CONSTANT_CONVERSION = YES;
				CLANG_WARN_DIRECT_OBJC_ISA_USAGE = YES_ERROR;
				CLANG_WARN_EMPTY_BODY = YES;
				CLANG_WARN_ENUM_CONVERSION = YES;
				CLANG_WARN_INT_CONVERSION = YES;
				CLANG_WARN_OBJC_ROOT_CLASS = YES_ERROR;
				CLANG_WARN_UNREACHABLE_CODE = YES;
				CLANG_WARN__DUPLICATE_METHOD_MATCH = YES;
				"CODE_SIGN_IDENTITY[sdk=iphoneos*]" = "iPhone Developer";
				COPY_PHASE_STRIP = NO;
				DEBUG_INFORMATION_FORMAT = "dwarf-with-dsym";
				ENABLE_STRICT_OBJC_MSGSEND = YES;
				GCC_C_LANGUAGE_STANDARD = gnu99;
				GCC_DYNAMIC_NO_PIC = NO;
				GCC_NO_COMMON_BLOCKS = YES;
				GCC_OPTIMIZATION_LEVEL = 0;
				GCC_PREPROCESSOR_DEFINITIONS = (
					"DEBUG=1",
					"$(inherited)",
				);
				GCC_SYMBOLS_PRIVATE_EXTERN = NO;
				GCC_WARN_64_TO_32_BIT_CONVERSION = YES;
				GCC_WARN_ABOUT_RETURN_TYPE = YES_ERROR;
				GCC_WARN_UNDECLARED_SELECTOR = YES;
				GCC_WARN_UNINITIALIZED_AUTOS = YES_AGGRESSIVE;
				GCC_WARN_UNUSED_FUNCTION = YES;
				GCC_WARN_UNUSED_VARIABLE = YES;
				IPHONEOS_DEPLOYMENT_TARGET = 8.3;
				MTL_ENABLE_DEBUG_INFO = YES;
				ONLY_ACTIVE_ARCH = YES;
				SDKROOT = iphoneos;
				SWIFT_OPTIMIZATION_LEVEL = "-Onone";
				TARGETED_DEVICE_FAMILY = "1,2";
			};
			name = Debug;
		};
		81EA8DAC1B18193E00342EB3 /* Release */ = {
			isa = XCBuildConfiguration;
			buildSettings = {
				ALWAYS_SEARCH_USER_PATHS = NO;
				CLANG_CXX_LANGUAGE_STANDARD = "gnu++0x";
				CLANG_CXX_LIBRARY = "libc++";
				CLANG_ENABLE_MODULES = YES;
				CLANG_ENABLE_OBJC_ARC = YES;
				CLANG_WARN_BOOL_CONVERSION = YES;
				CLANG_WARN_CONSTANT_CONVERSION = YES;
				CLANG_WARN_DIRECT_OBJC_ISA_USAGE = YES_ERROR;
				CLANG_WARN_EMPTY_BODY = YES;
				CLANG_WARN_ENUM_CONVERSION = YES;
				CLANG_WARN_INT_CONVERSION = YES;
				CLANG_WARN_OBJC_ROOT_CLASS = YES_ERROR;
				CLANG_WARN_UNREACHABLE_CODE = YES;
				CLANG_WARN__DUPLICATE_METHOD_MATCH = YES;
				"CODE_SIGN_IDENTITY[sdk=iphoneos*]" = "iPhone Developer";
				COPY_PHASE_STRIP = NO;
				DEBUG_INFORMATION_FORMAT = "dwarf-with-dsym";
				ENABLE_NS_ASSERTIONS = NO;
				ENABLE_STRICT_OBJC_MSGSEND = YES;
				GCC_C_LANGUAGE_STANDARD = gnu99;
				GCC_NO_COMMON_BLOCKS = YES;
				GCC_WARN_64_TO_32_BIT_CONVERSION = YES;
				GCC_WARN_ABOUT_RETURN_TYPE = YES_ERROR;
				GCC_WARN_UNDECLARED_SELECTOR = YES;
				GCC_WARN_UNINITIALIZED_AUTOS = YES_AGGRESSIVE;
				GCC_WARN_UNUSED_FUNCTION = YES;
				GCC_WARN_UNUSED_VARIABLE = YES;
				IPHONEOS_DEPLOYMENT_TARGET = 8.3;
				MTL_ENABLE_DEBUG_INFO = NO;
				SDKROOT = iphoneos;
				TARGETED_DEVICE_FAMILY = "1,2";
				VALIDATE_PRODUCT = YES;
			};
			name = Release;
		};
		81EA8DAE1B18193E00342EB3 /* Debug */ = {
			isa = XCBuildConfiguration;
			buildSettings = {
				ASSETCATALOG_COMPILER_APPICON_NAME = AppIcon;
				INFOPLIST_FILE = Happiness/Info.plist;
				LD_RUNPATH_SEARCH_PATHS = "$(inherited) @executable_path/Frameworks";
				PRODUCT_NAME = "$(TARGET_NAME)";
			};
			name = Debug;
		};
		81EA8DAF1B18193E00342EB3 /* Release */ = {
			isa = XCBuildConfiguration;
			buildSettings = {
				ASSETCATALOG_COMPILER_APPICON_NAME = AppIcon;
				INFOPLIST_FILE = Happiness/Info.plist;
				LD_RUNPATH_SEARCH_PATHS = "$(inherited) @executable_path/Frameworks";
				PRODUCT_NAME = "$(TARGET_NAME)";
			};
			name = Release;
		};
		81EA8DB11B18193E00342EB3 /* Debug */ = {
			isa = XCBuildConfiguration;
			buildSettings = {
				BUNDLE_LOADER = "$(TEST_HOST)";
				FRAMEWORK_SEARCH_PATHS = (
					"$(SDKROOT)/Developer/Library/Frameworks",
					"$(inherited)",
				);
				GCC_PREPROCESSOR_DEFINITIONS = (
					"DEBUG=1",
					"$(inherited)",
				);
				INFOPLIST_FILE = HappinessTests/Info.plist;
				LD_RUNPATH_SEARCH_PATHS = "$(inherited) @executable_path/Frameworks @loader_path/Frameworks";
				PRODUCT_NAME = "$(TARGET_NAME)";
				TEST_HOST = "$(BUILT_PRODUCTS_DIR)/Happiness.app/Happiness";
			};
			name = Debug;
		};
		81EA8DB21B18193E00342EB3 /* Release */ = {
			isa = XCBuildConfiguration;
			buildSettings = {
				BUNDLE_LOADER = "$(TEST_HOST)";
				FRAMEWORK_SEARCH_PATHS = (
					"$(SDKROOT)/Developer/Library/Frameworks",
					"$(inherited)",
				);
				INFOPLIST_FILE = HappinessTests/Info.plist;
				LD_RUNPATH_SEARCH_PATHS = "$(inherited) @executable_path/Frameworks @loader_path/Frameworks";
				PRODUCT_NAME = "$(TARGET_NAME)";
				TEST_HOST = "$(BUILT_PRODUCTS_DIR)/Happiness.app/Happiness";
			};
			name = Release;
		};
/* End XCBuildConfiguration section */

/* Begin XCConfigurationList section */
		81EA8D891B18193E00342EB3 /* Build configuration list for PBXProject "Happiness" */ = {
			isa = XCConfigurationList;
			buildConfigurations = (
				81EA8DAB1B18193E00342EB3 /* Debug */,
				81EA8DAC1B18193E00342EB3 /* Release */,
			);
			defaultConfigurationIsVisible = 0;
			defaultConfigurationName = Release;
		};
		81EA8DAD1B18193E00342EB3 /* Build configuration list for PBXNativeTarget "Happiness" */ = {
			isa = XCConfigurationList;
			buildConfigurations = (
				81EA8DAE1B18193E00342EB3 /* Debug */,
				81EA8DAF1B18193E00342EB3 /* Release */,
			);
			defaultConfigurationIsVisible = 0;
		};
		81EA8DB01B18193E00342EB3 /* Build configuration list for PBXNativeTarget "HappinessTests" */ = {
			isa = XCConfigurationList;
			buildConfigurations = (
				81EA8DB11B18193E00342EB3 /* Debug */,
				81EA8DB21B18193E00342EB3 /* Release */,
			);
			defaultConfigurationIsVisible = 0;
		};
/* End XCConfigurationList section */
	};
	rootObject = 81EA8D861B18193E00342EB3 /* Project object */;
}
